
Microsoft Visual Studio Solution File, Format Version 12.00
# Visual Studio 15
VisualStudioVersion = 15.0.26124.0
MinimumVisualStudioVersion = 15.0.26124.0
Project("{2150E333-8FDC-42A3-9474-1A3956D46DE8}") = "components", "components", "{FB1B5899-2586-48F0-94F5-CB17E7674611}"
EndProject
Project("{FAE04EC0-301F-11D3-BF4B-00C04F79EFBC}") = "rabbit-api", "components\rabbit-api\rabbit-api.csproj", "{33819735-F5A4-4621-98DD-467747E202D0}"
EndProject
Project("{2150E333-8FDC-42A3-9474-1A3956D46DE8}") = "applications", "applications", "{EE49A928-EE5D-4F63-A94F-872CECBCD8FE}"
EndProject
Project("{FAE04EC0-301F-11D3-BF4B-00C04F79EFBC}") = "rabbit-demo-producer", "applications\rabbit-demo-producer\rabbit-demo-producer.csproj", "{470929A8-9246-4184-BBE4-132A476868D6}"
EndProject
Project("{FAE04EC0-301F-11D3-BF4B-00C04F79EFBC}") = "rabbit-demo-consumer", "applications\rabbit-demo-consumer\rabbit-demo-consumer.csproj", "{52382ADA-2410-4FF1-8ADC-4DF8781E0C7F}"
EndProject
Project("{FAE04EC0-301F-11D3-BF4B-00C04F79EFBC}") = "rabbit-demo-consumer-parser", "applications\rabbit-demo-consumer-parser\rabbit-demo-consumer-parser.csproj", "{D2C43006-8E12-43C7-8F6C-74084A2740A0}"
EndProject
Global
	GlobalSection(SolutionConfigurationPlatforms) = preSolution
		Debug|Any CPU = Debug|Any CPU
		Debug|x64 = Debug|x64
		Debug|x86 = Debug|x86
		Release|Any CPU = Release|Any CPU
		Release|x64 = Release|x64
		Release|x86 = Release|x86
	EndGlobalSection
	GlobalSection(SolutionProperties) = preSolution
		HideSolutionNode = FALSE
	EndGlobalSection
	GlobalSection(ProjectConfigurationPlatforms) = postSolution
		{33819735-F5A4-4621-98DD-467747E202D0}.Debug|Any CPU.ActiveCfg = Debug|Any CPU
		{33819735-F5A4-4621-98DD-467747E202D0}.Debug|Any CPU.Build.0 = Debug|Any CPU
		{33819735-F5A4-4621-98DD-467747E202D0}.Debug|x64.ActiveCfg = Debug|Any CPU
		{33819735-F5A4-4621-98DD-467747E202D0}.Debug|x64.Build.0 = Debug|Any CPU
		{33819735-F5A4-4621-98DD-467747E202D0}.Debug|x86.ActiveCfg = Debug|Any CPU
		{33819735-F5A4-4621-98DD-467747E202D0}.Debug|x86.Build.0 = Debug|Any CPU
		{33819735-F5A4-4621-98DD-467747E202D0}.Release|Any CPU.ActiveCfg = Release|Any CPU
		{33819735-F5A4-4621-98DD-467747E202D0}.Release|Any CPU.Build.0 = Release|Any CPU
		{33819735-F5A4-4621-98DD-467747E202D0}.Release|x64.ActiveCfg = Release|Any CPU
		{33819735-F5A4-4621-98DD-467747E202D0}.Release|x64.Build.0 = Release|Any CPU
		{33819735-F5A4-4621-98DD-467747E202D0}.Release|x86.ActiveCfg = Release|Any CPU
		{33819735-F5A4-4621-98DD-467747E202D0}.Release|x86.Build.0 = Release|Any CPU
		{470929A8-9246-4184-BBE4-132A476868D6}.Debug|Any CPU.ActiveCfg = Debug|Any CPU
		{470929A8-9246-4184-BBE4-132A476868D6}.Debug|Any CPU.Build.0 = Debug|Any CPU
		{470929A8-9246-4184-BBE4-132A476868D6}.Debug|x64.ActiveCfg = Debug|Any CPU
		{470929A8-9246-4184-BBE4-132A476868D6}.Debug|x64.Build.0 = Debug|Any CPU
		{470929A8-9246-4184-BBE4-132A476868D6}.Debug|x86.ActiveCfg = Debug|Any CPU
		{470929A8-9246-4184-BBE4-132A476868D6}.Debug|x86.Build.0 = Debug|Any CPU
		{470929A8-9246-4184-BBE4-132A476868D6}.Release|Any CPU.ActiveCfg = Release|Any CPU
		{470929A8-9246-4184-BBE4-132A476868D6}.Release|Any CPU.Build.0 = Release|Any CPU
		{470929A8-9246-4184-BBE4-132A476868D6}.Release|x64.ActiveCfg = Release|Any CPU
		{470929A8-9246-4184-BBE4-132A476868D6}.Release|x64.Build.0 = Release|Any CPU
		{470929A8-9246-4184-BBE4-132A476868D6}.Release|x86.ActiveCfg = Release|Any CPU
		{470929A8-9246-4184-BBE4-132A476868D6}.Release|x86.Build.0 = Release|Any CPU
		{52382ADA-2410-4FF1-8ADC-4DF8781E0C7F}.Debug|Any CPU.ActiveCfg = Debug|Any CPU
		{52382ADA-2410-4FF1-8ADC-4DF8781E0C7F}.Debug|Any CPU.Build.0 = Debug|Any CPU
		{52382ADA-2410-4FF1-8ADC-4DF8781E0C7F}.Debug|x64.ActiveCfg = Debug|Any CPU
		{52382ADA-2410-4FF1-8ADC-4DF8781E0C7F}.Debug|x64.Build.0 = Debug|Any CPU
		{52382ADA-2410-4FF1-8ADC-4DF8781E0C7F}.Debug|x86.ActiveCfg = Debug|Any CPU
		{52382ADA-2410-4FF1-8ADC-4DF8781E0C7F}.Debug|x86.Build.0 = Debug|Any CPU
		{52382ADA-2410-4FF1-8ADC-4DF8781E0C7F}.Release|Any CPU.ActiveCfg = Release|Any CPU
		{52382ADA-2410-4FF1-8ADC-4DF8781E0C7F}.Release|Any CPU.Build.0 = Release|Any CPU
		{52382ADA-2410-4FF1-8ADC-4DF8781E0C7F}.Release|x64.ActiveCfg = Release|Any CPU
		{52382ADA-2410-4FF1-8ADC-4DF8781E0C7F}.Release|x64.Build.0 = Release|Any CPU
		{52382ADA-2410-4FF1-8ADC-4DF8781E0C7F}.Release|x86.ActiveCfg = Release|Any CPU
		{52382ADA-2410-4FF1-8ADC-4DF8781E0C7F}.Release|x86.Build.0 = Release|Any CPU
		{D2C43006-8E12-43C7-8F6C-74084A2740A0}.Debug|Any CPU.ActiveCfg = Debug|Any CPU
		{D2C43006-8E12-43C7-8F6C-74084A2740A0}.Debug|Any CPU.Build.0 = Debug|Any CPU
		{D2C43006-8E12-43C7-8F6C-74084A2740A0}.Debug|x64.ActiveCfg = Debug|Any CPU
		{D2C43006-8E12-43C7-8F6C-74084A2740A0}.Debug|x64.Build.0 = Debug|Any CPU
		{D2C43006-8E12-43C7-8F6C-74084A2740A0}.Debug|x86.ActiveCfg = Debug|Any CPU
		{D2C43006-8E12-43C7-8F6C-74084A2740A0}.Debug|x86.Build.0 = Debug|Any CPU
		{D2C43006-8E12-43C7-8F6C-74084A2740A0}.Release|Any CPU.ActiveCfg = Release|Any CPU
		{D2C43006-8E12-43C7-8F6C-74084A2740A0}.Release|Any CPU.Build.0 = Release|Any CPU
		{D2C43006-8E12-43C7-8F6C-74084A2740A0}.Release|x64.ActiveCfg = Release|Any CPU
		{D2C43006-8E12-43C7-8F6C-74084A2740A0}.Release|x64.Build.0 = Release|Any CPU
		{D2C43006-8E12-43C7-8F6C-74084A2740A0}.Release|x86.ActiveCfg = Release|Any CPU
		{D2C43006-8E12-43C7-8F6C-74084A2740A0}.Release|x86.Build.0 = Release|Any CPU
	EndGlobalSection
	GlobalSection(NestedProjects) = preSolution
		{33819735-F5A4-4621-98DD-467747E202D0} = {FB1B5899-2586-48F0-94F5-CB17E7674611}
		{470929A8-9246-4184-BBE4-132A476868D6} = {EE49A928-EE5D-4F63-A94F-872CECBCD8FE}
		{52382ADA-2410-4FF1-8ADC-4DF8781E0C7F} = {EE49A928-EE5D-4F63-A94F-872CECBCD8FE}
		{D2C43006-8E12-43C7-8F6C-74084A2740A0} = {EE49A928-EE5D-4F63-A94F-872CECBCD8FE}
	EndGlobalSection
EndGlobal
